<?xml version="1.0" encoding="utf-8"?>
<Project ToolsVersion="4.0" xmlns="http://schemas.microsoft.com/developer/msbuild/2003">
  <ItemGroup>
    <Filter Include="Headers">
      <UniqueIdentifier>{93995380-89BD-4b04-88EB-625FBE52EBFB}</UniqueIdentifier>
      <Extensions>h;hpp;hxx;hm;inl;inc;xsd</Extensions>
    </Filter>
    <Filter Include="Sources">
      <UniqueIdentifier>{4FC737F1-C7A5-4376-A066-2A32D752A2FF}</UniqueIdentifier>
      <Extensions>cpp;c;cc;cxx;def;odl;idl;hpj;bat;asm;asmx</Extensions>
    </Filter>
    <Filter Include="Resources">
      <UniqueIdentifier>{67DA6AB6-F800-4c08-8B7A-83BB121AAD01}</UniqueIdentifier>
      <Extensions>rc;ico;cur;bmp;dlg;rc2;rct;bin;rgs;gif;jpg;jpeg;jpe;resx;tiff;tif;png;wav</Extensions>
    </Filter>
  </ItemGroup>
  <ItemGroup>
    <ClCompile Include="background_plugin.cc">
      <Filter>Sources</Filter>
    </ClCompile>
    <ClCompile Include="background_script_object.cc">
      <Filter>Sources</Filter>
    </ClCompile>
    <ClCompile Include="browser_mute_plugin.cc">
      <Filter>Sources</Filter>
    </ClCompile>
    <ClCompile Include="browser_mute_script_object.cc">
      <Filter>Sources</Filter>
    </ClCompile>
    <ClCompile Include="client_process_functions.cc">
      <Filter>Sources</Filter>
    </ClCompile>
    <ClCompile Include="convenience_plugin.cc">
      <Filter>Sources</Filter>
    </ClCompile>
    <ClCompile Include="convenience_script_object.cc">
      <Filter>Sources</Filter>
    </ClCompile>
    <ClCompile Include="dll_entry.cc">
      <Filter>Sources</Filter>
    </ClCompile>
    <ClCompile Include="log.cc">
      <Filter>Sources</Filter>
    </ClCompile>
    <ClCompile Include="ncbutton.cc">
      <Filter>Sources</Filter>
    </ClCompile>
    <ClCompile Include="npn_entry.cc">
      <Filter>Sources</Filter>
    </ClCompile>
    <ClCompile Include="npp_entry.cc">
      <Filter>Sources</Filter>
    </ClCompile>
    <ClCompile Include="plugin_base.cc">
      <Filter>Sources</Filter>
    </ClCompile>
    <ClCompile Include="plugin_factory.cc">
      <Filter>Sources</Filter>
    </ClCompile>
    <ClCompile Include="script_object_base.cc">
      <Filter>Sources</Filter>
    </ClCompile>
    <ClCompile Include="script_object_factory.cc">
      <Filter>Sources</Filter>
    </ClCompile>
    <ClCompile Include="utils.cc">
      <Filter>Sources</Filter>
    </ClCompile>
    <ClCompile Include="video_alone_plugin.cc">
      <Filter>Sources</Filter>
    </ClCompile>
    <ClCompile Include="video_alone_script_object.cc">
      <Filter>Sources</Filter>
    </ClCompile>
    <ClCompile Include="video_window.cc">
      <Filter>Sources</Filter>
    </ClCompile>
    <ClCompile Include="video_window_manager.cc">
      <Filter>Sources</Filter>
    </ClCompile>
  </ItemGroup>
  <ItemGroup>
    <None Include="convenience.def">
      <Filter>Sources</Filter>
    </None>
  </ItemGroup>
  <ItemGroup>
    <ClInclude Include="background_plugin.h">
      <Filter>Headers</Filter>
    </ClInclude>
    <ClInclude Include="background_script_object.h">
      <Filter>Headers</Filter>
    </ClInclude>
    <ClInclude Include="browser_mute_plugin.h">
      <Filter>Headers</Filter>
    </ClInclude>
    <ClInclude Include="browser_mute_script_object.h">
      <Filter>Headers</Filter>
    </ClInclude>
    <ClInclude Include="client_process_functions.h">
      <Filter>Headers</Filter>
    </ClInclude>
    <ClInclude Include="convenience_plugin.h">
      <Filter>Headers</Filter>
    </ClInclude>
    <ClInclude Include="convenience_script_object.h">
      <Filter>Headers</Filter>
    </ClInclude>
    <ClInclude Include="log.h">
      <Filter>Headers</Filter>
    </ClInclude>
    <ClInclude Include="ncbutton.h">
      <Filter>Headers</Filter>
    </ClInclude>
    <ClInclude Include="plugin_base.h">
      <Filter>Headers</Filter>
    </ClInclude>
    <ClInclude Include="plugin_factory.h">
      <Filter>Headers</Filter>
    </ClInclude>
    <ClInclude Include="resource.h">
      <Filter>Headers</Filter>
    </ClInclude>
    <ClInclude Include="script_object_base.h">
      <Filter>Headers</Filter>
    </ClInclude>
    <ClInclude Include="script_object_factory.h">
      <Filter>Headers</Filter>
    </ClInclude>
    <ClInclude Include="stdafx.h">
      <Filter>Headers</Filter>
    </ClInclude>
    <ClInclude Include="utils.h">
      <Filter>Headers</Filter>
    </ClInclude>
    <ClInclude Include="video_alone_plugin.h">
      <Filter>Headers</Filter>
    </ClInclude>
    <ClInclude Include="video_alone_script_object.h">
      <Filter>Headers</Filter>
    </ClInclude>
    <ClInclude Include="video_window.h">
      <Filter>Headers</Filter>
    </ClInclude>
    <ClInclude Include="video_window_manager.h">
      <Filter>Headers</Filter>
    </ClInclude>
  </ItemGroup>
  <ItemGroup>
    <ResourceCompile Include="convenience.rc">
      <Filter>Resources</Filter>
    </ResourceCompile>
  </ItemGroup>
</Project>